github.com/brunoga/deep v1.2.4 h1:Aj9E9oUbE+ccbyh35VC/NHlzzjfIVU69BXu2mt2LmL8=
github.com/brunoga/deep v1.2.4/go.mod h1:GDV6dnXqn80ezsLSZ5Wlv1PdKAWAO4L5PnKYtv2dgaI=
github.com/google/uuid v1.6.0 h1:NIvaJDMOsjHA8n1jAhLSgzrAzy1Hgr+hNrb57e+94F0=
github.com/google/uuid v1.6.0/go.mod h1:TIyPZe4MgqvfeYDBFedMoGGpEw/LqOeaOT+nhxU+yHo=
github.com/moby/moby v27.3.1+incompatible h1:KQbXBjo7PavKpzIl7UkHT31y9lw/e71Uvrqhr4X+zMA=
github.com/moby/moby v27.3.1+incompatible/go.mod h1:fDXVQ6+S340veQPv35CzDahGBmHsiclFwfEygB/TWMc=
github.com/netgusto/poly2tri-go v0.0.0-20170716161910-d102ad91854f h1:FZS+KQHU5M3Yz8vfb63b1/mI1/J7auutcFDSWx6l8Vg=
github.com/netgusto/poly2tri-go v0.0.0-20170716161910-d102ad91854f/go.mod h1:8LfVyyP2+2/DB4O1uPRecaaumn7HaYB9zA1LLkcdq9E=
github.com/veandco/go-sdl2 v0.4.40 h1:fZv6wC3zz1Xt167P09gazawnpa0KY5LM7JAvKpX9d/U=
github.com/veandco/go-sdl2 v0.4.40/go.mod h1:OROqMhHD43nT4/i9crJukyVecjPNYYuCofep6SNiAjY=
github.com/z-riley/turdgl v0.0.0-20241103202229-f47b8b5d8d90 h1:m8g+TQSdHx2iv8Eggix74ze3/YfsoYtHT0NdT1xycpY=
github.com/z-riley/turdgl v0.0.0-20241103202229-f47b8b5d8d90/go.mod h1:PUy0rnENvtQrZRghi9dYinsUUE7gvC9wOz8C/gcwJ8A=
github.com/z-riley/turdgl v0.0.0-20241109150126-d7ad58ec364c h1:8eEADvOzL+DlwZzHkCB/TYNKMMrrdK5/2+cZSPpTL04=
github.com/z-riley/turdgl v0.0.0-20241109150126-d7ad58ec364c/go.mod h1:PUy0rnENvtQrZRghi9dYinsUUE7gvC9wOz8C/gcwJ8A=
github.com/z-riley/turdgl v0.0.0-20241110110918-9258386195d6 h1:m2Vh7JsgPsHTDFv3gtZJ073pkCq02Jtt7YG8QBv1vrw=
github.com/z-riley/turdgl v0.0.0-20241110110918-9258386195d6/go.mod h1:PUy0rnENvtQrZRghi9dYinsUUE7gvC9wOz8C/gcwJ8A=
github.com/z-riley/turdgl v0.0.0-20241110144119-202ac9fcd989 h1:MnFLhRGIwNl3ArCOzkC3Jyhf65LBCHWNOoaPhy5Vof8=
github.com/z-riley/turdgl v0.0.0-20241110144119-202ac9fcd989/go.mod h1:PUy0rnENvtQrZRghi9dYinsUUE7gvC9wOz8C/gcwJ8A=
github.com/z-riley/turdgl v0.0.0-20241110145108-b4bd5b5fb227 h1:pK16y0wM7hgVefDRr6HZvzqRGp36Ca4xaWj/qDRDleo=
github.com/z-riley/turdgl v0.0.0-20241110145108-b4bd5b5fb227/go.mod h1:PUy0rnENvtQrZRghi9dYinsUUE7gvC9wOz8C/gcwJ8A=
github.com/z-riley/turdgl v0.0.0-20241110145540-e8b3eff55539 h1:x/ZkxDoEPiJG92Fog16ACuh1MN4J0Rt0LGykIAlIgkA=
github.com/z-riley/turdgl v0.0.0-20241110145540-e8b3eff55539/go.mod h1:PUy0rnENvtQrZRghi9dYinsUUE7gvC9wOz8C/gcwJ8A=
github.com/z-riley/turdgl v0.0.0-20241110150420-77cce0ab743c h1:Fk3ce0wEsVcD2OLA5iJO3gNGPN+NRMsVj/fHLyxF7E4=
github.com/z-riley/turdgl v0.0.0-20241110150420-77cce0ab743c/go.mod h1:PUy0rnENvtQrZRghi9dYinsUUE7gvC9wOz8C/gcwJ8A=
github.com/z-riley/turdgl v0.0.0-20241110155021-280343130dc7 h1:i0KmQ9APd/pzkuwPaZjaBFah/MUI3eeABE9dxVkabkM=
github.com/z-riley/turdgl v0.0.0-20241110155021-280343130dc7/go.mod h1:PUy0rnENvtQrZRghi9dYinsUUE7gvC9wOz8C/gcwJ8A=
github.com/z-riley/turdgl v0.0.0-20241110155312-25280b430bfe h1:eAF2Nn4N/xDvA2WLpUJWcL1lx36se4SKfi8AJJDzIxI=
github.com/z-riley/turdgl v0.0.0-20241110155312-25280b430bfe/go.mod h1:PUy0rnENvtQrZRghi9dYinsUUE7gvC9wOz8C/gcwJ8A=
github.com/z-riley/turdserve v0.0.0-20241103172943-200ed8c9c094 h1:9ldkpBMZ5+BV8GOGH+4QhrBgevotAprFgMVCasm+td0=
github.com/z-riley/turdserve v0.0.0-20241103172943-200ed8c9c094/go.mod h1:D5VroZVlQvt0vUtZ2xHL8aQOlCumE/9LFEH1BBLE468=
github.com/z-riley/turdserve v0.0.0-20241109095301-66eab11d38af h1:X0XCfUgoGvZaOZtSRcB6UkuEkP4B6EzwvDUkkZkA7p0=
github.com/z-riley/turdserve v0.0.0-20241109095301-66eab11d38af/go.mod h1:D5VroZVlQvt0vUtZ2xHL8aQOlCumE/9LFEH1BBLE468=
golang.org/x/exp v0.0.0-20240808152545-0cdaa3abc0fa h1:ELnwvuAXPNtPk1TJRuGkI9fDTwym6AYBu0qzT8AcHdI=
golang.org/x/exp v0.0.0-20240808152545-0cdaa3abc0fa/go.mod h1:akd2r19cwCdwSwWeIdzYQGa/EZZyqcOdwWiwj5L5eKQ=
golang.org/x/image v0.19.0 h1:D9FX4QWkLfkeqaC62SonffIIuYdOk/UE2XKUBgRIBIQ=
golang.org/x/image v0.19.0/go.mod h1:y0zrRqlQRWQ5PXaYCOMLTW2fpsxZ8Qh9I/ohnInJEys=
golang.org/x/text v0.17.0 h1:XtiM5bkSOt+ewxlOE/aE/AKEHibwj/6gvWMl9Rsh0Qc=
golang.org/x/text v0.17.0/go.mod h1:BuEKDfySbSR4drPmRPG/7iBdf8hvFMuRexcpahXilzY=
